
Microsoft Visual Studio Solution File, Format Version 12.00
# Visual Studio Version 17
VisualStudioVersion = 17.9.34728.123
MinimumVisualStudioVersion = 10.0.40219.1
Project("{9A19103F-16F7-4668-BE54-9A1E7A4F7556}") = "CongestionTaxCalculator.API", "CongestionTaxCalculator.API\CongestionTaxCalculator.API.csproj", "{7477CDDA-6736-4376-811A-B25F66613AEF}"
EndProject
Project("{9A19103F-16F7-4668-BE54-9A1E7A4F7556}") = "CongestionTaxCalculator.Domain", "CongestionTaxCalculator.Domain\CongestionTaxCalculator.Domain.csproj", "{123D6173-8AC3-443E-8019-EF7C70CEF166}"
EndProject
Project("{9A19103F-16F7-4668-BE54-9A1E7A4F7556}") = "CongestionTaxCalculator.Infrastructure", "CongestionTaxCalculator.Infrastructure\CongestionTaxCalculator.Infrastructure.csproj", "{CCE03CA3-5F48-4BE3-9B60-9687C28C724F}"
EndProject
Project("{FAE04EC0-301F-11D3-BF4B-00C04F79EFBC}") = "CongestionTaxCalculator.Extensions", "CongestionTaxCalculator.Extensions\CongestionTaxCalculator.Extensions.csproj", "{E80C627F-8011-44AB-AA49-75D4C81B8E8A}"
EndProject
Global
	GlobalSection(SolutionConfigurationPlatforms) = preSolution
		Debug|Any CPU = Debug|Any CPU
		Release|Any CPU = Release|Any CPU
	EndGlobalSection
	GlobalSection(ProjectConfigurationPlatforms) = postSolution
		{7477CDDA-6736-4376-811A-B25F66613AEF}.Debug|Any CPU.ActiveCfg = Debug|Any CPU
		{7477CDDA-6736-4376-811A-B25F66613AEF}.Debug|Any CPU.Build.0 = Debug|Any CPU
		{7477CDDA-6736-4376-811A-B25F66613AEF}.Release|Any CPU.ActiveCfg = Release|Any CPU
		{7477CDDA-6736-4376-811A-B25F66613AEF}.Release|Any CPU.Build.0 = Release|Any CPU
		{123D6173-8AC3-443E-8019-EF7C70CEF166}.Debug|Any CPU.ActiveCfg = Debug|Any CPU
		{123D6173-8AC3-443E-8019-EF7C70CEF166}.Debug|Any CPU.Build.0 = Debug|Any CPU
		{123D6173-8AC3-443E-8019-EF7C70CEF166}.Release|Any CPU.ActiveCfg = Release|Any CPU
		{123D6173-8AC3-443E-8019-EF7C70CEF166}.Release|Any CPU.Build.0 = Release|Any CPU
		{CCE03CA3-5F48-4BE3-9B60-9687C28C724F}.Debug|Any CPU.ActiveCfg = Debug|Any CPU
		{CCE03CA3-5F48-4BE3-9B60-9687C28C724F}.Debug|Any CPU.Build.0 = Debug|Any CPU
		{CCE03CA3-5F48-4BE3-9B60-9687C28C724F}.Release|Any CPU.ActiveCfg = Release|Any CPU
		{CCE03CA3-5F48-4BE3-9B60-9687C28C724F}.Release|Any CPU.Build.0 = Release|Any CPU
		{E80C627F-8011-44AB-AA49-75D4C81B8E8A}.Debug|Any CPU.ActiveCfg = Debug|Any CPU
		{E80C627F-8011-44AB-AA49-75D4C81B8E8A}.Debug|Any CPU.Build.0 = Debug|Any CPU
		{E80C627F-8011-44AB-AA49-75D4C81B8E8A}.Release|Any CPU.ActiveCfg = Release|Any CPU
		{E80C627F-8011-44AB-AA49-75D4C81B8E8A}.Release|Any CPU.Build.0 = Release|Any CPU
	EndGlobalSection
	GlobalSection(SolutionProperties) = preSolution
		HideSolutionNode = FALSE
	EndGlobalSection
	GlobalSection(ExtensibilityGlobals) = postSolution
		SolutionGuid = {FC2F4F99-B153-47AC-BB48-A8ED323FFD64}
	EndGlobalSection
EndGlobal
